
Microsoft Visual Studio Solution File, Format Version 12.00
# Visual Studio Version 17
VisualStudioVersion = 17.11.35327.3
MinimumVisualStudioVersion = 10.0.40219.1
Project("{FAE04EC0-301F-11D3-BF4B-00C04F79EFBC}") = "QrCodeGeneratorPOC", "QrCodeGeneratorPOC\QrCodeGeneratorPOC.csproj", "{00654A15-0416-419F-8F7B-069441D5A90D}"
EndProject
Global
	GlobalSection(SolutionConfigurationPlatforms) = preSolution
		Debug|Any CPU = Debug|Any CPU
		Release|Any CPU = Release|Any CPU
	EndGlobalSection
	GlobalSection(ProjectConfigurationPlatforms) = postSolution
		{00654A15-0416-419F-8F7B-069441D5A90D}.Debug|Any CPU.ActiveCfg = Debug|Any CPU
		{00654A15-0416-419F-8F7B-069441D5A90D}.Debug|Any CPU.Build.0 = Debug|Any CPU
		{00654A15-0416-419F-8F7B-069441D5A90D}.Release|Any CPU.ActiveCfg = Release|Any CPU
		{00654A15-0416-419F-8F7B-069441D5A90D}.Release|Any CPU.Build.0 = Release|Any CPU
	EndGlobalSection
	GlobalSection(SolutionProperties) = preSolution
		HideSolutionNode = FALSE
	EndGlobalSection
	GlobalSection(ExtensibilityGlobals) = postSolution
		SolutionGuid = {99335EF9-3615-4AE3-85C4-5AE5A97523E0}
	EndGlobalSection
EndGlobal
